
Microsoft Visual Studio Solution File, Format Version 12.00
# Visual Studio Version 17
VisualStudioVersion = 17.9.34622.214
MinimumVisualStudioVersion = 10.0.40219.1
Project("{9A19103F-16F7-4668-BE54-9A1E7A4F7556}") = "DataAccess", "DataAccess\DataAccess.csproj", "{F6595BC5-BD85-44D3-97DF-7EE36C716502}"
EndProject
Project("{9A19103F-16F7-4668-BE54-9A1E7A4F7556}") = "Business", "Business\Business.csproj", "{3F0A3924-8D47-4E2E-9683-7D44FF069E2A}"
EndProject
Project("{9A19103F-16F7-4668-BE54-9A1E7A4F7556}") = "Entities", "Entities\Entities.csproj", "{0383AF26-0439-449D-A49B-BDD4F7D4BB41}"
EndProject
Project("{9A19103F-16F7-4668-BE54-9A1E7A4F7556}") = "ConsoleUI", "ConsoleUI\ConsoleUI.csproj", "{8A527AE5-1113-4675-8EF6-F619E274B74E}"
EndProject
Project("{9A19103F-16F7-4668-BE54-9A1E7A4F7556}") = "Core", "Core\Core.csproj", "{316BABF7-A127-4240-91F7-41040D93D36A}"
EndProject
Project("{FAE04EC0-301F-11D3-BF4B-00C04F79EFBC}") = "WebAPI", "WebAPI\WebAPI.csproj", "{5B4108C1-3B2C-451A-AC1F-2F65563102F5}"
EndProject
Global
	GlobalSection(SolutionConfigurationPlatforms) = preSolution
		Debug|Any CPU = Debug|Any CPU
		Release|Any CPU = Release|Any CPU
	EndGlobalSection
	GlobalSection(ProjectConfigurationPlatforms) = postSolution
		{F6595BC5-BD85-44D3-97DF-7EE36C716502}.Debug|Any CPU.ActiveCfg = Debug|Any CPU
		{F6595BC5-BD85-44D3-97DF-7EE36C716502}.Debug|Any CPU.Build.0 = Debug|Any CPU
		{F6595BC5-BD85-44D3-97DF-7EE36C716502}.Release|Any CPU.ActiveCfg = Release|Any CPU
		{F6595BC5-BD85-44D3-97DF-7EE36C716502}.Release|Any CPU.Build.0 = Release|Any CPU
		{3F0A3924-8D47-4E2E-9683-7D44FF069E2A}.Debug|Any CPU.ActiveCfg = Debug|Any CPU
		{3F0A3924-8D47-4E2E-9683-7D44FF069E2A}.Debug|Any CPU.Build.0 = Debug|Any CPU
		{3F0A3924-8D47-4E2E-9683-7D44FF069E2A}.Release|Any CPU.ActiveCfg = Release|Any CPU
		{3F0A3924-8D47-4E2E-9683-7D44FF069E2A}.Release|Any CPU.Build.0 = Release|Any CPU
		{0383AF26-0439-449D-A49B-BDD4F7D4BB41}.Debug|Any CPU.ActiveCfg = Debug|Any CPU
		{0383AF26-0439-449D-A49B-BDD4F7D4BB41}.Debug|Any CPU.Build.0 = Debug|Any CPU
		{0383AF26-0439-449D-A49B-BDD4F7D4BB41}.Release|Any CPU.ActiveCfg = Release|Any CPU
		{0383AF26-0439-449D-A49B-BDD4F7D4BB41}.Release|Any CPU.Build.0 = Release|Any CPU
		{8A527AE5-1113-4675-8EF6-F619E274B74E}.Debug|Any CPU.ActiveCfg = Debug|Any CPU
		{8A527AE5-1113-4675-8EF6-F619E274B74E}.Debug|Any CPU.Build.0 = Debug|Any CPU
		{8A527AE5-1113-4675-8EF6-F619E274B74E}.Release|Any CPU.ActiveCfg = Release|Any CPU
		{8A527AE5-1113-4675-8EF6-F619E274B74E}.Release|Any CPU.Build.0 = Release|Any CPU
		{316BABF7-A127-4240-91F7-41040D93D36A}.Debug|Any CPU.ActiveCfg = Debug|Any CPU
		{316BABF7-A127-4240-91F7-41040D93D36A}.Debug|Any CPU.Build.0 = Debug|Any CPU
		{316BABF7-A127-4240-91F7-41040D93D36A}.Release|Any CPU.ActiveCfg = Release|Any CPU
		{316BABF7-A127-4240-91F7-41040D93D36A}.Release|Any CPU.Build.0 = Release|Any CPU
		{5B4108C1-3B2C-451A-AC1F-2F65563102F5}.Debug|Any CPU.ActiveCfg = Debug|Any CPU
		{5B4108C1-3B2C-451A-AC1F-2F65563102F5}.Debug|Any CPU.Build.0 = Debug|Any CPU
		{5B4108C1-3B2C-451A-AC1F-2F65563102F5}.Release|Any CPU.ActiveCfg = Release|Any CPU
		{5B4108C1-3B2C-451A-AC1F-2F65563102F5}.Release|Any CPU.Build.0 = Release|Any CPU
	EndGlobalSection
	GlobalSection(SolutionProperties) = preSolution
		HideSolutionNode = FALSE
	EndGlobalSection
	GlobalSection(ExtensibilityGlobals) = postSolution
		SolutionGuid = {D9EF06CB-DCB4-4713-8E66-2AFD55F72688}
	EndGlobalSection
EndGlobal
